# THIS IS AN AUTOGENERATED FILE. DO NOT EDIT THIS FILE DIRECTLY.
# yarn lockfile v1


"@datastructures-js/binary-search-tree@^4.3.1":
  version "4.3.2"
  resolved "https://registry.npmmirror.com/@datastructures-js/binary-search-tree/-/binary-search-tree-4.3.2.tgz#725c5a914abef2ba8e65bc5eb9bfce04d60bddb6"
  integrity sha512-fZV3GoZAPxfgGTky7Q+5oiMUtLhQoHxSlJt3DmUPbl+1pMpuopOSG/MymdcruWOBQU90kSzo0lN+3gmSaEYCTw==

"@datastructures-js/deque@^1.0.1":
  version "1.0.4"
  resolved "https://registry.npmmirror.com/@datastructures-js/deque/-/deque-1.0.4.tgz#1cb95b0609ddbeb5591ac5c1784f49c6b339e58e"
  integrity sha512-zlgVSsxqiAd+scLUILvx8E887o+6kYds9/d4DCM/mFOuUITUlPG/r3u5iPZjzW3o6XPPi+p66p3Kf1+wFxYvLQ==

"@datastructures-js/graph@^5.1.1":
  version "5.3.0"
  resolved "https://registry.npmmirror.com/@datastructures-js/graph/-/graph-5.3.0.tgz#62b9e9c84e9917ea2e594d369cd8978cf0af7991"
  integrity sha512-Owbn40ha2W22i6yGSTmOb7ppL6RZKCeFf9tVKqFVXClb5rWQgscHDIyuHXFcNkdlsrq3O0E7zvJ45O60/8m/mg==
  dependencies:
    "@datastructures-js/queue" "^3.1.3"

"@datastructures-js/heap@^3.2.0":
  version "3.2.0"
  resolved "https://registry.npmmirror.com/@datastructures-js/heap/-/heap-3.2.0.tgz#d8fcdbf58c462c8a3f0fdfd9c6a57ca11505321e"
  integrity sha512-FcU5ZAyb+VIOZz1HABsJUsbJi2ZyUDO7aoe97hq4d3tK3z8nMgwdxf5bO0gafR0ExFi18YTspntqHLzt4XOgnA==

"@datastructures-js/linked-list@^5.1.1":
  version "5.2.5"
  resolved "https://registry.npmmirror.com/@datastructures-js/linked-list/-/linked-list-5.2.5.tgz#8ce5461d665f82c0b055f235617dc41e4c53e402"
  integrity sha512-YhlkDh7yMOaJ2bGgmrwvyF3vCrMELo2ERTiRxFMMkQF6+5n6expCBoseHtMIwe8fHJu1bzT7IaEHRU58hBoMUQ==

"@datastructures-js/priority-queue@^5.3.0":
  version "5.3.0"
  resolved "https://registry.npmmirror.com/@datastructures-js/priority-queue/-/priority-queue-5.3.0.tgz#89afce79a19a3226c12cc6e9288f94ff60af26cf"
  integrity sha512-0Dl0UooE9Uzz85qBP46HTjQHS5GN7NMNluN5/nMfxQAndG/1eNBJpBntLGT5QJarvMO3poLNBJzA3S4GPajp+w==
  dependencies:
    "@datastructures-js/heap" "^3.2.0"

"@datastructures-js/queue@^3.1.3":
  version "3.1.4"
  resolved "https://registry.npmmirror.com/@datastructures-js/queue/-/queue-3.1.4.tgz#785bcbe29af6003934fd0e7849295d62543dba5d"
  integrity sha512-8QqkdAJQDDd25OBX28lKj7HXD+Cxs6Ee0ogJkZUjD5R1fAvRAWsrCeKop0szqANYjMwdQQd75vyc3Cm8qNJH+Q==

"@datastructures-js/queue@^4.1.3":
  version "4.2.3"
  resolved "https://registry.npmmirror.com/@datastructures-js/queue/-/queue-4.2.3.tgz#a63b155e2c1634c9b9d8fcd83969c7b3e143dff7"
  integrity sha512-GWVMorC/xi2V2ta+Z/CPgPGHL2ZJozcj48g7y2nIX5GIGZGRrbShSHgvMViJwHJurUzJYOdIdRZnWDRrROFwJA==

"@datastructures-js/set@^4.1.1":
  version "4.2.1"
  resolved "https://registry.npmmirror.com/@datastructures-js/set/-/set-4.2.1.tgz#5ab4ed4de8d4bdb81abb730ee4871b0d4fd0821c"
  integrity sha512-qGJhgclFpV7JTPDEJ/ftrFmIf8s6t5Y9nhc5KffuPt0UjCVc1infAltX7R/XFEBF+f7RAqYl/NIZaOekvU88zg==

"@datastructures-js/stack@^3.1.2":
  version "3.1.4"
  resolved "https://registry.npmmirror.com/@datastructures-js/stack/-/stack-3.1.4.tgz#c01d701b2aed1a30d576ef3d503440bb81e4d884"
  integrity sha512-+2+SOvKcNizQaR31AL1Sox4p5rvAlZfvXO9gi6qWrXMvLqb3S5/3t0ZRAefA0ZabQz0LCXOc8aTeHSWSOMrNCQ==

"@datastructures-js/trie@^4.2.0":
  version "4.2.2"
  resolved "https://registry.npmmirror.com/@datastructures-js/trie/-/trie-4.2.2.tgz#a10c9204462517cfb941565165398a355681186e"
  integrity sha512-wZFXic9OLc+BgtnUYr0EIaAZLaPaNt0r1zjf2xJ5JhGwuK0w2vwlOMMj9RHgIeOY+UM0J76CcrmN/wn2LlEYkA==

"@types/node@^20.5.0":
  version "20.5.0"
  resolved "https://registry.npmmirror.com/@types/node/-/node-20.5.0.tgz#7fc8636d5f1aaa3b21e6245e97d56b7f56702313"
  integrity sha512-Mgq7eCtoTjT89FqNoTzzXg2XvCi5VMhRV6+I2aYanc6kQCBImeNaAYRs/DyoVqk1YEUJK5gN9VO7HRIdz4Wo3Q==

datastructures-js@^10.2.0:
  version "10.2.0"
  resolved "https://registry.npmmirror.com/datastructures-js/-/datastructures-js-10.2.0.tgz#2701c73c51959119a1af6e900f4198f6d5ed7d5f"
  integrity sha512-tNhdAS8Ys37k9ZMT8BTUYc5UKQ1Qr9l6/NvuryQHu1wYVWXNLGKo4Xghjkij8N/PtB0OPZmcuCJFLKTlppBbvw==
  dependencies:
    "@datastructures-js/binary-search-tree" "^4.3.1"
    "@datastructures-js/deque" "^1.0.1"
    "@datastructures-js/graph" "^5.1.1"
    "@datastructures-js/heap" "^3.2.0"
    "@datastructures-js/linked-list" "^5.1.1"
    "@datastructures-js/priority-queue" "^5.3.0"
    "@datastructures-js/queue" "^4.1.3"
    "@datastructures-js/set" "^4.1.1"
    "@datastructures-js/stack" "^3.1.2"
    "@datastructures-js/trie" "^4.2.0"

lodash-es@^4.17.21:
  version "4.17.21"
  resolved "https://registry.npmmirror.com/lodash-es/-/lodash-es-4.17.21.tgz#43e626c46e6591b7750beb2b50117390c609e3ee"
  integrity sha512-mKnC+QJ9pWVzv+C4/U3rRsHapFfHvQFoFB92e52xeyGMcX6/OlIl78je1u8vePzYZSkkogMPJ2yjxxsb89cxyw==

lodash@^4.17.21:
  version "4.17.21"
  resolved "https://registry.npmmirror.com/lodash/-/lodash-4.17.21.tgz#679591c564c3bffaae8454cf0b3df370c3d6911c"
  integrity sha512-v2kDEe57lecTulaDIuNTPy3Ry4gLGJ6Z1O3vE1krgXZNrsQ+LFTGHVxVjcXPs17LhbZVGedAJv8XZ1tvj5FvSg==
